
Microsoft Visual Studio Solution File, Format Version 12.00
# Visual Studio 15
VisualStudioVersion = 15.0.27004.2006
MinimumVisualStudioVersion = 10.0.40219.1
Project("{9A19103F-16F7-4668-BE54-9A1E7A4F7556}") = "Erazer.Authorization", "Erazer.Authorization\Erazer.Authorization.csproj", "{4FBD0B73-EC3C-4724-8A6D-EE68F0656D2C}"
EndProject
Project("{2150E333-8FDC-42A3-9474-1A3956D46DE8}") = "Erazer.Web", "Erazer.Web", "{0FF2FD73-641D-46BE-8B03-39D6FDF7F3D5}"
EndProject
Project("{9A19103F-16F7-4668-BE54-9A1E7A4F7556}") = "Erazer.API", "Erazer.API\Erazer.API.csproj", "{0FF65609-2803-4A53-868F-05EC93352CB7}"
EndProject
Project("{FAE04EC0-301F-11D3-BF4B-00C04F79EFBC}") = "Erazer.Web.Legacy", "Erazer.Web.Legacy\Erazer.Web.Legacy.csproj", "{3DBFE7B8-8764-42DD-B04A-AA68573E8A5C}"
EndProject
Global
	GlobalSection(SolutionConfigurationPlatforms) = preSolution
		Debug|Any CPU = Debug|Any CPU
		Release|Any CPU = Release|Any CPU
	EndGlobalSection
	GlobalSection(ProjectConfigurationPlatforms) = postSolution
		{4FBD0B73-EC3C-4724-8A6D-EE68F0656D2C}.Debug|Any CPU.ActiveCfg = Debug|Any CPU
		{4FBD0B73-EC3C-4724-8A6D-EE68F0656D2C}.Debug|Any CPU.Build.0 = Debug|Any CPU
		{4FBD0B73-EC3C-4724-8A6D-EE68F0656D2C}.Release|Any CPU.ActiveCfg = Release|Any CPU
		{4FBD0B73-EC3C-4724-8A6D-EE68F0656D2C}.Release|Any CPU.Build.0 = Release|Any CPU
		{0FF65609-2803-4A53-868F-05EC93352CB7}.Debug|Any CPU.ActiveCfg = Debug|Any CPU
		{0FF65609-2803-4A53-868F-05EC93352CB7}.Debug|Any CPU.Build.0 = Debug|Any CPU
		{0FF65609-2803-4A53-868F-05EC93352CB7}.Release|Any CPU.ActiveCfg = Release|Any CPU
		{0FF65609-2803-4A53-868F-05EC93352CB7}.Release|Any CPU.Build.0 = Release|Any CPU
		{3DBFE7B8-8764-42DD-B04A-AA68573E8A5C}.Debug|Any CPU.ActiveCfg = Debug|Any CPU
		{3DBFE7B8-8764-42DD-B04A-AA68573E8A5C}.Debug|Any CPU.Build.0 = Debug|Any CPU
		{3DBFE7B8-8764-42DD-B04A-AA68573E8A5C}.Release|Any CPU.ActiveCfg = Release|Any CPU
		{3DBFE7B8-8764-42DD-B04A-AA68573E8A5C}.Release|Any CPU.Build.0 = Release|Any CPU
	EndGlobalSection
	GlobalSection(SolutionProperties) = preSolution
		HideSolutionNode = FALSE
	EndGlobalSection
	GlobalSection(ExtensibilityGlobals) = postSolution
		SolutionGuid = {899B2D1D-134B-430B-94EC-EBE8A65E7154}
	EndGlobalSection
EndGlobal
